// !$*UTF8*$!
{
	archiveVersion = 1;
	classes = {
	};
	objectVersion = 46;
	objects = {

/* Begin PBXContainerItemProxy section */
		2D4D33741889694900712232 /* PBXContainerItemProxy */ = {
			isa = PBXContainerItemProxy;
			containerPortal = 2D4D33701889694900712232 /* Dummy.xcodeproj */;
			proxyType = 2;
			remoteGlobalIDString = 2D4D33641889694900712232;
			remoteInfo = Dummy;
		};
/* End PBXContainerItemProxy section */

/* Begin PBXFileReference section */
		2D4D32CD1886CACC00712232 /* aclocal.m4 */ = {isa = PBXFileReference; fileEncoding = 4; lastKnownFileType = text; path = aclocal.m4; sourceTree = "<group>"; };
		2D4D32CE1886CACC00712232 /* AUTHORS */ = {isa = PBXFileReference; fileEncoding = 4; lastKnownFileType = text; path = AUTHORS; sourceTree = "<group>"; };
		2D4D32D01886CACC00712232 /* output.0 */ = {isa = PBXFileReference; fileEncoding = 4; lastKnownFileType = text; path = output.0; sourceTree = "<group>"; };
		2D4D32D11886CACC00712232 /* output.1 */ = {isa = PBXFileReference; fileEncoding = 4; lastKnownFileType = text.man; path = output.1; sourceTree = "<group>"; };
		2D4D32D21886CACC00712232 /* requests */ = {isa = PBXFileReference; fileEncoding = 4; lastKnownFileType = text; path = requests; sourceTree = "<group>"; };
		2D4D32D31886CACC00712232 /* traces.0 */ = {isa = PBXFileReference; fileEncoding = 4; lastKnownFileType = text; path = traces.0; sourceTree = "<group>"; };
		2D4D32D41886CACC00712232 /* traces.1 */ = {isa = PBXFileReference; fileEncoding = 4; lastKnownFileType = text.man; path = traces.1; sourceTree = "<group>"; };
		2D4D32D51886CACC00712232 /* ChangeLog */ = {isa = PBXFileReference; fileEncoding = 4; lastKnownFileType = text; path = ChangeLog; sourceTree = "<group>"; };
		2D4D32D61886CACC00712232 /* config.log */ = {isa = PBXFileReference; fileEncoding = 4; lastKnownFileType = text; path = config.log; sourceTree = "<group>"; };
		2D4D32D71886CACC00712232 /* config.status */ = {isa = PBXFileReference; fileEncoding = 4; lastKnownFileType = text.script.sh; path = config.status; sourceTree = "<group>"; };
		2D4D32D81886CACC00712232 /* configure */ = {isa = PBXFileReference; fileEncoding = 4; lastKnownFileType = text.script.sh; path = configure; sourceTree = "<group>"; };
		2D4D32D91886CACC00712232 /* configure.ac */ = {isa = PBXFileReference; fileEncoding = 4; lastKnownFileType = text; path = configure.ac; sourceTree = "<group>"; };
		2D4D32DA1886CACC00712232 /* COPYING */ = {isa = PBXFileReference; fileEncoding = 4; lastKnownFileType = text; path = COPYING; sourceTree = "<group>"; };
		2D4D32DC1886CACC00712232 /* genbank_ac_locus.txt */ = {isa = PBXFileReference; fileEncoding = 4; lastKnownFileType = text; path = genbank_ac_locus.txt; sourceTree = "<group>"; };
		2D4D32DD1886CACC00712232 /* nt_10_first.txt */ = {isa = PBXFileReference; fileEncoding = 4; lastKnownFileType = text; path = nt_10_first.txt; sourceTree = "<group>"; };
		2D4D32DE1886CACC00712232 /* nt_ac_extracts.txt */ = {isa = PBXFileReference; fileEncoding = 4; lastKnownFileType = text; path = nt_ac_extracts.txt; sourceTree = "<group>"; };
		2D4D32DF1886CACC00712232 /* nt_ac_extracts2.txt */ = {isa = PBXFileReference; fileEncoding = 4; lastKnownFileType = text; path = nt_ac_extracts2.txt; sourceTree = "<group>"; };
		2D4D32E01886CACC00712232 /* nt_enzyme_only.txt */ = {isa = PBXFileReference; fileEncoding = 4; lastKnownFileType = text; path = nt_enzyme_only.txt; sourceTree = "<group>"; };
		2D4D32E11886CACC00712232 /* nt_misc.txt */ = {isa = PBXFileReference; fileEncoding = 4; lastKnownFileType = text; path = nt_misc.txt; sourceTree = "<group>"; };
		2D4D32E21886CACC00712232 /* nt_misc_uniprot.txt */ = {isa = PBXFileReference; fileEncoding = 4; lastKnownFileType = text; path = nt_misc_uniprot.txt; sourceTree = "<group>"; };
		2D4D32E31886CACC00712232 /* nt_misc_uniprot_missing_doublons.txt */ = {isa = PBXFileReference; fileEncoding = 4; lastKnownFileType = text; path = nt_misc_uniprot_missing_doublons.txt; sourceTree = "<group>"; };
		2D4D32E41886CACC00712232 /* nt_uniprot_only.txt */ = {isa = PBXFileReference; fileEncoding = 4; lastKnownFileType = text; path = nt_uniprot_only.txt; sourceTree = "<group>"; };
		2D4D32E61886CACC00712232 /* extract_bank_ac.awk */ = {isa = PBXFileReference; fileEncoding = 4; lastKnownFileType = text; path = extract_bank_ac.awk; sourceTree = "<group>"; };
		2D4D32E71886CACC00712232 /* extract_test_data.sh */ = {isa = PBXFileReference; fileEncoding = 4; lastKnownFileType = text.script.sh; path = extract_test_data.sh; sourceTree = "<group>"; };
		2D4D32E81886CACC00712232 /* extract_test_data_v1.sh */ = {isa = PBXFileReference; fileEncoding = 4; lastKnownFileType = text.script.sh; path = extract_test_data_v1.sh; sourceTree = "<group>"; };
		2D4D32E91886CACC00712232 /* depcomp */ = {isa = PBXFileReference; fileEncoding = 4; lastKnownFileType = text.script.sh; path = depcomp; sourceTree = "<group>"; };
		2D4D32EB1886CACC00712232 /* golden.man */ = {isa = PBXFileReference; fileEncoding = 4; lastKnownFileType = text; path = golden.man; sourceTree = "<group>"; };
		2D4D32EC1886CACC00712232 /* golden.pod */ = {isa = PBXFileReference; fileEncoding = 4; lastKnownFileType = text; path = golden.pod; sourceTree = "<group>"; };
		2D4D32ED1886CACC00712232 /* goldin.man */ = {isa = PBXFileReference; fileEncoding = 4; lastKnownFileType = text; path = goldin.man; sourceTree = "<group>"; };
		2D4D32EE1886CACC00712232 /* goldin.pod */ = {isa = PBXFileReference; fileEncoding = 4; lastKnownFileType = text; path = goldin.pod; sourceTree = "<group>"; };
		2D4D32EF1886CACC00712232 /* Makefile */ = {isa = PBXFileReference; fileEncoding = 4; lastKnownFileType = sourcecode.make; path = Makefile; sourceTree = "<group>"; };
		2D4D32F01886CACC00712232 /* Makefile.am */ = {isa = PBXFileReference; fileEncoding = 4; lastKnownFileType = text; path = Makefile.am; sourceTree = "<group>"; };
		2D4D32F11886CACC00712232 /* Makefile.in */ = {isa = PBXFileReference; fileEncoding = 4; lastKnownFileType = text; path = Makefile.in; sourceTree = "<group>"; };
		2D4D32F21886CACC00712232 /* INSTALL */ = {isa = PBXFileReference; fileEncoding = 4; lastKnownFileType = text; path = INSTALL; sourceTree = "<group>"; };
		2D4D32F31886CACC00712232 /* install-sh */ = {isa = PBXFileReference; fileEncoding = 4; lastKnownFileType = text.script.sh; path = "install-sh"; sourceTree = "<group>"; };
		2D4D32F41886CACC00712232 /* Makefile */ = {isa = PBXFileReference; fileEncoding = 4; lastKnownFileType = sourcecode.make; path = Makefile; sourceTree = "<group>"; };
		2D4D32F51886CACC00712232 /* Makefile.am */ = {isa = PBXFileReference; fileEncoding = 4; lastKnownFileType = text; path = Makefile.am; sourceTree = "<group>"; };
		2D4D32F61886CACC00712232 /* Makefile.in */ = {isa = PBXFileReference; fileEncoding = 4; lastKnownFileType = text; path = Makefile.in; sourceTree = "<group>"; };
		2D4D32F71886CACC00712232 /* missing */ = {isa = PBXFileReference; fileEncoding = 4; lastKnownFileType = text.script.sh; path = missing; sourceTree = "<group>"; };
		2D4D32F81886CACC00712232 /* mkinstalldirs */ = {isa = PBXFileReference; fileEncoding = 4; lastKnownFileType = text.script.sh; path = mkinstalldirs; sourceTree = "<group>"; };
		2D4D32F91886CACC00712232 /* NEWS */ = {isa = PBXFileReference; fileEncoding = 4; lastKnownFileType = text; path = NEWS; sourceTree = "<group>"; };
		2D4D32FB1886CACC00712232 /* taxo_test_4_Vero.py */ = {isa = PBXFileReference; fileEncoding = 4; lastKnownFileType = text.script.python; path = taxo_test_4_Vero.py; sourceTree = "<group>"; };
		2D4D33071886CACC00712232 /* Golden.c */ = {isa = PBXFileReference; fileEncoding = 4; lastKnownFileType = sourcecode.c.c; path = Golden.c; sourceTree = "<group>"; };
		2D4D33081886CACC00712232 /* Makefile */ = {isa = PBXFileReference; fileEncoding = 4; lastKnownFileType = sourcecode.make; path = Makefile; sourceTree = "<group>"; };
		2D4D33091886CACC00712232 /* Makefile.am */ = {isa = PBXFileReference; fileEncoding = 4; lastKnownFileType = text; path = Makefile.am; sourceTree = "<group>"; };
		2D4D330A1886CACC00712232 /* Makefile.in */ = {isa = PBXFileReference; fileEncoding = 4; lastKnownFileType = text; path = Makefile.in; sourceTree = "<group>"; };
		2D4D330B1886CACC00712232 /* setup.py */ = {isa = PBXFileReference; fileEncoding = 4; lastKnownFileType = text.script.python; path = setup.py; sourceTree = "<group>"; };
		2D4D330C1886CACC00712232 /* README */ = {isa = PBXFileReference; fileEncoding = 4; lastKnownFileType = text; path = README; sourceTree = "<group>"; };
		2D4D330F1886CACC00712232 /* access.Po */ = {isa = PBXFileReference; fileEncoding = 4; lastKnownFileType = text; path = access.Po; sourceTree = "<group>"; };
		2D4D33101886CACC00712232 /* entry.Po */ = {isa = PBXFileReference; fileEncoding = 4; lastKnownFileType = text; path = entry.Po; sourceTree = "<group>"; };
		2D4D33111886CACC00712232 /* error.Po */ = {isa = PBXFileReference; fileEncoding = 4; lastKnownFileType = text; path = error.Po; sourceTree = "<group>"; };
		2D4D33121886CACC00712232 /* golden.Po */ = {isa = PBXFileReference; fileEncoding = 4; lastKnownFileType = text; path = golden.Po; sourceTree = "<group>"; };
		2D4D33131886CACC00712232 /* goldin.Po */ = {isa = PBXFileReference; fileEncoding = 4; lastKnownFileType = text; path = goldin.Po; sourceTree = "<group>"; };
		2D4D33141886CACC00712232 /* index.Po */ = {isa = PBXFileReference; fileEncoding = 4; lastKnownFileType = text; path = index.Po; sourceTree = "<group>"; };
		2D4D33151886CACC00712232 /* list.Po */ = {isa = PBXFileReference; fileEncoding = 4; lastKnownFileType = text; path = list.Po; sourceTree = "<group>"; };
		2D4D33161886CACC00712232 /* locus.Po */ = {isa = PBXFileReference; fileEncoding = 4; lastKnownFileType = text; path = locus.Po; sourceTree = "<group>"; };
		2D4D33171886CACC00712232 /* .gdbinit */ = {isa = PBXFileReference; fileEncoding = 4; lastKnownFileType = text; path = .gdbinit; sourceTree = "<group>"; };
		2D4D33181886CACC00712232 /* .lldbinit */ = {isa = PBXFileReference; fileEncoding = 4; lastKnownFileType = text; path = .lldbinit; sourceTree = "<group>"; };
		2D4D33191886CACC00712232 /* access.c */ = {isa = PBXFileReference; fileEncoding = 4; lastKnownFileType = sourcecode.c.c; path = access.c; sourceTree = "<group>"; };
		2D4D331A1886CACC00712232 /* access.h */ = {isa = PBXFileReference; fileEncoding = 4; lastKnownFileType = sourcecode.c.h; path = access.h; sourceTree = "<group>"; };
		2D4D331B1886CACC00712232 /* access.o */ = {isa = PBXFileReference; lastKnownFileType = "compiled.mach-o.objfile"; path = access.o; sourceTree = "<group>"; };
		2D4D331C1886CACC00712232 /* config.h */ = {isa = PBXFileReference; fileEncoding = 4; lastKnownFileType = sourcecode.c.h; path = config.h; sourceTree = "<group>"; };
		2D4D331D1886CACC00712232 /* config.h.in */ = {isa = PBXFileReference; fileEncoding = 4; lastKnownFileType = text; path = config.h.in; sourceTree = "<group>"; };
		2D4D331E1886CACC00712232 /* entry.c */ = {isa = PBXFileReference; fileEncoding = 4; lastKnownFileType = sourcecode.c.c; path = entry.c; sourceTree = "<group>"; };
		2D4D331F1886CACC00712232 /* entry.h */ = {isa = PBXFileReference; fileEncoding = 4; lastKnownFileType = sourcecode.c.h; path = entry.h; sourceTree = "<group>"; };
		2D4D33201886CACC00712232 /* entry.o */ = {isa = PBXFileReference; lastKnownFileType = "compiled.mach-o.objfile"; path = entry.o; sourceTree = "<group>"; };
		2D4D33211886CACC00712232 /* error.c */ = {isa = PBXFileReference; fileEncoding = 4; lastKnownFileType = sourcecode.c.c; path = error.c; sourceTree = "<group>"; };
		2D4D33221886CACC00712232 /* error.h */ = {isa = PBXFileReference; fileEncoding = 4; lastKnownFileType = sourcecode.c.h; path = error.h; sourceTree = "<group>"; };
		2D4D33231886CACC00712232 /* error.o */ = {isa = PBXFileReference; lastKnownFileType = "compiled.mach-o.objfile"; path = error.o; sourceTree = "<group>"; };
		2D4D33241886CACC00712232 /* golden */ = {isa = PBXFileReference; lastKnownFileType = "compiled.mach-o.executable"; path = golden; sourceTree = "<group>"; };
		2D4D33251886CACC00712232 /* golden.c */ = {isa = PBXFileReference; fileEncoding = 4; lastKnownFileType = sourcecode.c.c; path = golden.c; sourceTree = "<group>"; };
		2D4D33261886CACC00712232 /* golden.o */ = {isa = PBXFileReference; lastKnownFileType = "compiled.mach-o.objfile"; path = golden.o; sourceTree = "<group>"; };
		2D4D33271886CACC00712232 /* goldin */ = {isa = PBXFileReference; lastKnownFileType = "compiled.mach-o.executable"; path = goldin; sourceTree = "<group>"; };
		2D4D33281886CACC00712232 /* goldin.c */ = {isa = PBXFileReference; fileEncoding = 4; lastKnownFileType = sourcecode.c.c; path = goldin.c; sourceTree = "<group>"; };
		2D4D33291886CACC00712232 /* goldin.o */ = {isa = PBXFileReference; lastKnownFileType = "compiled.mach-o.objfile"; path = goldin.o; sourceTree = "<group>"; };
		2D4D332A1886CACC00712232 /* index.c */ = {isa = PBXFileReference; fileEncoding = 4; lastKnownFileType = sourcecode.c.c; path = index.c; sourceTree = "<group>"; };
		2D4D332B1886CACC00712232 /* index.h */ = {isa = PBXFileReference; fileEncoding = 4; lastKnownFileType = sourcecode.c.h; path = index.h; sourceTree = "<group>"; };
		2D4D332C1886CACC00712232 /* index.o */ = {isa = PBXFileReference; lastKnownFileType = "compiled.mach-o.objfile"; path = index.o; sourceTree = "<group>"; };
		2D4D332D1886CACC00712232 /* libgolden.a */ = {isa = PBXFileReference; lastKnownFileType = archive.ar; path = libgolden.a; sourceTree = "<group>"; };
		2D4D332E1886CACC00712232 /* list.c */ = {isa = PBXFileReference; fileEncoding = 4; lastKnownFileType = sourcecode.c.c; path = list.c; sourceTree = "<group>"; };
		2D4D332F1886CACC00712232 /* list.h */ = {isa = PBXFileReference; fileEncoding = 4; lastKnownFileType = sourcecode.c.h; path = list.h; sourceTree = "<group>"; };
		2D4D33301886CACC00712232 /* list.o */ = {isa = PBXFileReference; lastKnownFileType = "compiled.mach-o.objfile"; path = list.o; sourceTree = "<group>"; };
		2D4D33311886CACC00712232 /* locus.c */ = {isa = PBXFileReference; fileEncoding = 4; lastKnownFileType = sourcecode.c.c; path = locus.c; sourceTree = "<group>"; };
		2D4D33321886CACC00712232 /* locus.h */ = {isa = PBXFileReference; fileEncoding = 4; lastKnownFileType = sourcecode.c.h; path = locus.h; sourceTree = "<group>"; };
		2D4D33331886CACC00712232 /* locus.o */ = {isa = PBXFileReference; lastKnownFileType = "compiled.mach-o.objfile"; path = locus.o; sourceTree = "<group>"; };
		2D4D33341886CACC00712232 /* Makefile */ = {isa = PBXFileReference; fileEncoding = 4; lastKnownFileType = sourcecode.make; path = Makefile; sourceTree = "<group>"; };
		2D4D33351886CACC00712232 /* Makefile.am */ = {isa = PBXFileReference; fileEncoding = 4; lastKnownFileType = text; path = Makefile.am; sourceTree = "<group>"; };
		2D4D33361886CACC00712232 /* Makefile.in */ = {isa = PBXFileReference; fileEncoding = 4; lastKnownFileType = text; path = Makefile.in; sourceTree = "<group>"; };
		2D4D33381886CACC00712232 /* stamp-h1 */ = {isa = PBXFileReference; fileEncoding = 4; lastKnownFileType = text; path = "stamp-h1"; sourceTree = "<group>"; };
		2D4D33391886CACC00712232 /* trace4.txt */ = {isa = PBXFileReference; fileEncoding = 4; lastKnownFileType = text; path = trace4.txt; sourceTree = "<group>"; };
		2D4D333C1886CACC00712232 /* embl.dat */ = {isa = PBXFileReference; fileEncoding = 4; lastKnownFileType = text; path = embl.dat; sourceTree = "<group>"; };
		2D4D333D1886CACC00712232 /* genbank.dat */ = {isa = PBXFileReference; fileEncoding = 4; lastKnownFileType = text; path = genbank.dat; sourceTree = "<group>"; };
		2D4D333E1886CACC00712232 /* nrl_3d.dat */ = {isa = PBXFileReference; fileEncoding = 4; lastKnownFileType = text; path = nrl_3d.dat; sourceTree = "<group>"; };
		2D4D333F1886CACC00712232 /* prosite.dat */ = {isa = PBXFileReference; fileEncoding = 4; lastKnownFileType = text; path = prosite.dat; sourceTree = "<group>"; };
		2D4D33401886CACC00712232 /* golden.sh */ = {isa = PBXFileReference; fileEncoding = 4; lastKnownFileType = text.script.sh; path = golden.sh; sourceTree = "<group>"; };
		2D4D33411886CACC00712232 /* goldin.sh */ = {isa = PBXFileReference; fileEncoding = 4; lastKnownFileType = text.script.sh; path = goldin.sh; sourceTree = "<group>"; };
		2D4D33421886CACC00712232 /* Makefile */ = {isa = PBXFileReference; fileEncoding = 4; lastKnownFileType = sourcecode.make; path = Makefile; sourceTree = "<group>"; };
		2D4D33431886CACC00712232 /* Makefile.am */ = {isa = PBXFileReference; fileEncoding = 4; lastKnownFileType = text; path = Makefile.am; sourceTree = "<group>"; };
		2D4D33441886CACC00712232 /* Makefile.in */ = {isa = PBXFileReference; fileEncoding = 4; lastKnownFileType = text; path = Makefile.in; sourceTree = "<group>"; };
		2D4D33451886CACC00712232 /* virtual.sh */ = {isa = PBXFileReference; fileEncoding = 4; lastKnownFileType = text.script.sh; path = virtual.sh; sourceTree = "<group>"; };
		2D4D33461886CACC00712232 /* test-driver */ = {isa = PBXFileReference; fileEncoding = 4; lastKnownFileType = text.script.sh; path = "test-driver"; sourceTree = "<group>"; };
		2D4D33471886CACC00712232 /* TODO */ = {isa = PBXFileReference; fileEncoding = 4; lastKnownFileType = text; path = TODO; sourceTree = "<group>"; };
		2D4D3358188968C600712232 /* prosite.txt */ = {isa = PBXFileReference; fileEncoding = 4; lastKnownFileType = text; path = prosite.txt; sourceTree = "<group>"; };
		2D4D3359188968D400712232 /* rdpii.txt */ = {isa = PBXFileReference; fileEncoding = 4; lastKnownFileType = text; path = rdpii.txt; sourceTree = "<group>"; };
		2D4D335A188968D400712232 /* taxo.txt */ = {isa = PBXFileReference; fileEncoding = 4; lastKnownFileType = text; path = taxo.txt; sourceTree = "<group>"; };
		2D4D33701889694900712232 /* Dummy.xcodeproj */ = {isa = PBXFileReference; lastKnownFileType = "wrapper.pb-project"; name = Dummy.xcodeproj; path = Dummy/Dummy.xcodeproj; sourceTree = "<group>"; };
		2D4D339218897B9E00712232 /* misc_all1.txt */ = {isa = PBXFileReference; fileEncoding = 4; lastKnownFileType = text; path = misc_all1.txt; sourceTree = "<group>"; };
		2D6295F118B3AA16001CC177 /* index_utils.c */ = {isa = PBXFileReference; fileEncoding = 4; lastKnownFileType = sourcecode.c.c; path = index_utils.c; sourceTree = "<group>"; };
		2DAA48061892BBE900CE9F9A /* embl_in.txt */ = {isa = PBXFileReference; fileEncoding = 4; lastKnownFileType = text; path = embl_in.txt; sourceTree = "<group>"; };
		2DAA48071892BBE900CE9F9A /* genbank_in.txt */ = {isa = PBXFileReference; fileEncoding = 4; lastKnownFileType = text; path = genbank_in.txt; sourceTree = "<group>"; };
		2DAA48081892BBE900CE9F9A /* prosite_in.txt */ = {isa = PBXFileReference; fileEncoding = 4; lastKnownFileType = text; path = prosite_in.txt; sourceTree = "<group>"; };
		2DB799DC18A1184B001A857C /* query.c */ = {isa = PBXFileReference; fileEncoding = 4; lastKnownFileType = sourcecode.c.c; name = query.c; path = src/query.c; sourceTree = SOURCE_ROOT; };
		2DB799DD18A1184B001A857C /* query.h */ = {isa = PBXFileReference; fileEncoding = 4; lastKnownFileType = sourcecode.c.h; name = query.h; path = src/query.h; sourceTree = SOURCE_ROOT; };
		2DB799E218A14D92001A857C /* taxo_test_golden_multi.py */ = {isa = PBXFileReference; fileEncoding = 4; lastKnownFileType = text.script.python; path = taxo_test_golden_multi.py; sourceTree = "<group>"; };
		2DB799E318A14D92001A857C /* test_golden_multi */ = {isa = PBXFileReference; fileEncoding = 4; lastKnownFileType = text; path = test_golden_multi; sourceTree = "<group>"; };
		2DF5A20C18E3367200CE8C77 /* goldin_options.c */ = {isa = PBXFileReference; fileEncoding = 4; lastKnownFileType = sourcecode.c.c; path = goldin_options.c; sourceTree = "<group>"; };
		2DF5A20D18E3367200CE8C77 /* goldin_options.h */ = {isa = PBXFileReference; fileEncoding = 4; lastKnownFileType = sourcecode.c.h; path = goldin_options.h; sourceTree = "<group>"; };
		2DF60C8B18ABCD3800E2C659 /* unit_tests.c */ = {isa = PBXFileReference; fileEncoding = 4; lastKnownFileType = sourcecode.c.c; path = unit_tests.c; sourceTree = "<group>"; };
		2DF60C8C18ABCD6B00E2C659 /* unit */ = {isa = PBXFileReference; lastKnownFileType = folder; path = unit; sourceTree = "<group>"; };
		2DF6838318BB8504005254CD /* perf_tests.c */ = {isa = PBXFileReference; fileEncoding = 4; lastKnownFileType = sourcecode.c.c; path = perf_tests.c; sourceTree = "<group>"; };
/* End PBXFileReference section */

/* Begin PBXGroup section */
		2D4D32421886C6AB00712232 = {
			isa = PBXGroup;
			children = (
				2D4D33701889694900712232 /* Dummy.xcodeproj */,
				2D4D32CD1886CACC00712232 /* aclocal.m4 */,
				2D4D32CE1886CACC00712232 /* AUTHORS */,
				2D4D32CF1886CACC00712232 /* autom4te.cache */,
				2D4D32D51886CACC00712232 /* ChangeLog */,
				2D4D32D61886CACC00712232 /* config.log */,
				2D4D32D71886CACC00712232 /* config.status */,
				2D4D32D81886CACC00712232 /* configure */,
				2D4D32D91886CACC00712232 /* configure.ac */,
				2D4D32DA1886CACC00712232 /* COPYING */,
				2D4D32DB1886CACC00712232 /* data */,
				2D4D32E51886CACC00712232 /* data_scripts */,
				2D4D32E91886CACC00712232 /* depcomp */,
				2D4D32EA1886CACC00712232 /* doc */,
				2D4D32F21886CACC00712232 /* INSTALL */,
				2D4D32F31886CACC00712232 /* install-sh */,
				2D4D32F41886CACC00712232 /* Makefile */,
				2D4D32F51886CACC00712232 /* Makefile.am */,
				2D4D32F61886CACC00712232 /* Makefile.in */,
				2D4D32F71886CACC00712232 /* missing */,
				2D4D32F81886CACC00712232 /* mkinstalldirs */,
				2D4D32F91886CACC00712232 /* NEWS */,
				2D4D32FA1886CACC00712232 /* perf_test */,
				2D4D32FC1886CACC00712232 /* python */,
				2D4D330C1886CACC00712232 /* README */,
				2D4D330D1886CACC00712232 /* src */,
				2D4D333A1886CACC00712232 /* test */,
				2D4D33461886CACC00712232 /* test-driver */,
				2D4D33471886CACC00712232 /* TODO */,
			);
			sourceTree = "<group>";
		};
		2D4D32CF1886CACC00712232 /* autom4te.cache */ = {
			isa = PBXGroup;
			children = (
				2D4D32D01886CACC00712232 /* output.0 */,
				2D4D32D11886CACC00712232 /* output.1 */,
				2D4D32D21886CACC00712232 /* requests */,
				2D4D32D31886CACC00712232 /* traces.0 */,
				2D4D32D41886CACC00712232 /* traces.1 */,
			);
			path = autom4te.cache;
			sourceTree = "<group>";
		};
		2D4D32DB1886CACC00712232 /* data */ = {
			isa = PBXGroup;
			children = (
				2D4D339218897B9E00712232 /* misc_all1.txt */,
				2D4D3359188968D400712232 /* rdpii.txt */,
				2D4D335A188968D400712232 /* taxo.txt */,
				2D4D3358188968C600712232 /* prosite.txt */,
				2D4D32DC1886CACC00712232 /* genbank_ac_locus.txt */,
				2D4D32DD1886CACC00712232 /* nt_10_first.txt */,
				2D4D32DE1886CACC00712232 /* nt_ac_extracts.txt */,
				2D4D32DF1886CACC00712232 /* nt_ac_extracts2.txt */,
				2D4D32E01886CACC00712232 /* nt_enzyme_only.txt */,
				2D4D32E11886CACC00712232 /* nt_misc.txt */,
				2D4D32E21886CACC00712232 /* nt_misc_uniprot.txt */,
				2D4D32E31886CACC00712232 /* nt_misc_uniprot_missing_doublons.txt */,
				2D4D32E41886CACC00712232 /* nt_uniprot_only.txt */,
			);
			path = data;
			sourceTree = "<group>";
		};
		2D4D32E51886CACC00712232 /* data_scripts */ = {
			isa = PBXGroup;
			children = (
				2D4D32E61886CACC00712232 /* extract_bank_ac.awk */,
				2D4D32E71886CACC00712232 /* extract_test_data.sh */,
				2D4D32E81886CACC00712232 /* extract_test_data_v1.sh */,
			);
			path = data_scripts;
			sourceTree = "<group>";
		};
		2D4D32EA1886CACC00712232 /* doc */ = {
			isa = PBXGroup;
			children = (
				2D4D32EB1886CACC00712232 /* golden.man */,
				2D4D32EC1886CACC00712232 /* golden.pod */,
				2D4D32ED1886CACC00712232 /* goldin.man */,
				2D4D32EE1886CACC00712232 /* goldin.pod */,
				2D4D32EF1886CACC00712232 /* Makefile */,
				2D4D32F01886CACC00712232 /* Makefile.am */,
				2D4D32F11886CACC00712232 /* Makefile.in */,
			);
			path = doc;
			sourceTree = "<group>";
		};
		2D4D32FA1886CACC00712232 /* perf_test */ = {
			isa = PBXGroup;
			children = (
				2DB799E218A14D92001A857C /* taxo_test_golden_multi.py */,
				2DB799E318A14D92001A857C /* test_golden_multi */,
				2D4D32FB1886CACC00712232 /* taxo_test_4_Vero.py */,
			);
			path = perf_test;
			sourceTree = "<group>";
		};
		2D4D32FC1886CACC00712232 /* python */ = {
			isa = PBXGroup;
			children = (
				2D4D33071886CACC00712232 /* Golden.c */,
				2D4D33081886CACC00712232 /* Makefile */,
				2D4D33091886CACC00712232 /* Makefile.am */,
				2D4D330A1886CACC00712232 /* Makefile.in */,
				2D4D330B1886CACC00712232 /* setup.py */,
			);
			path = python;
			sourceTree = "<group>";
		};
		2D4D330D1886CACC00712232 /* src */ = {
			isa = PBXGroup;
			children = (
				2DF5A20C18E3367200CE8C77 /* goldin_options.c */,
				2DF5A20D18E3367200CE8C77 /* goldin_options.h */,
				2DF6838318BB8504005254CD /* perf_tests.c */,
				2D6295F118B3AA16001CC177 /* index_utils.c */,
				2DF60C8B18ABCD3800E2C659 /* unit_tests.c */,
				2D4D330E1886CACC00712232 /* .deps */,
				2D4D33171886CACC00712232 /* .gdbinit */,
				2DB799DD18A1184B001A857C /* query.h */,
				2D4D33181886CACC00712232 /* .lldbinit */,
				2DB799DC18A1184B001A857C /* query.c */,
				2D4D33191886CACC00712232 /* access.c */,
				2D4D331A1886CACC00712232 /* access.h */,
				2D4D331B1886CACC00712232 /* access.o */,
				2D4D331C1886CACC00712232 /* config.h */,
				2D4D331D1886CACC00712232 /* config.h.in */,
				2D4D331E1886CACC00712232 /* entry.c */,
				2D4D331F1886CACC00712232 /* entry.h */,
				2D4D33201886CACC00712232 /* entry.o */,
				2D4D33211886CACC00712232 /* error.c */,
				2D4D33221886CACC00712232 /* error.h */,
				2D4D33231886CACC00712232 /* error.o */,
				2D4D33241886CACC00712232 /* golden */,
				2D4D33251886CACC00712232 /* golden.c */,
				2D4D33261886CACC00712232 /* golden.o */,
				2D4D33271886CACC00712232 /* goldin */,
				2D4D33281886CACC00712232 /* goldin.c */,
				2D4D33291886CACC00712232 /* goldin.o */,
				2D4D332A1886CACC00712232 /* index.c */,
				2D4D332B1886CACC00712232 /* index.h */,
				2D4D332C1886CACC00712232 /* index.o */,
				2D4D332D1886CACC00712232 /* libgolden.a */,
				2D4D332E1886CACC00712232 /* list.c */,
				2D4D332F1886CACC00712232 /* list.h */,
				2D4D33301886CACC00712232 /* list.o */,
				2D4D33311886CACC00712232 /* locus.c */,
				2D4D33321886CACC00712232 /* locus.h */,
				2D4D33331886CACC00712232 /* locus.o */,
				2D4D33341886CACC00712232 /* Makefile */,
				2D4D33351886CACC00712232 /* Makefile.am */,
				2D4D33361886CACC00712232 /* Makefile.in */,
				2D4D33381886CACC00712232 /* stamp-h1 */,
				2D4D33391886CACC00712232 /* trace4.txt */,
			);
			path = src;
			sourceTree = "<group>";
		};
		2D4D330E1886CACC00712232 /* .deps */ = {
			isa = PBXGroup;
			children = (
				2D4D330F1886CACC00712232 /* access.Po */,
				2D4D33101886CACC00712232 /* entry.Po */,
				2D4D33111886CACC00712232 /* error.Po */,
				2D4D33121886CACC00712232 /* golden.Po */,
				2D4D33131886CACC00712232 /* goldin.Po */,
				2D4D33141886CACC00712232 /* index.Po */,
				2D4D33151886CACC00712232 /* list.Po */,
				2D4D33161886CACC00712232 /* locus.Po */,
			);
			path = .deps;
			sourceTree = "<group>";
		};
		2D4D333A1886CACC00712232 /* test */ = {
			isa = PBXGroup;
			children = (
				2DF60C8C18ABCD6B00E2C659 /* unit */,
				2D4D333B1886CACC00712232 /* all */,
				2D4D33401886CACC00712232 /* golden.sh */,
				2DAA48061892BBE900CE9F9A /* embl_in.txt */,
				2DAA48071892BBE900CE9F9A /* genbank_in.txt */,
				2DAA48081892BBE900CE9F9A /* prosite_in.txt */,
				2D4D33411886CACC00712232 /* goldin.sh */,
				2D4D33421886CACC00712232 /* Makefile */,
				2D4D33431886CACC00712232 /* Makefile.am */,
				2D4D33441886CACC00712232 /* Makefile.in */,
				2D4D33451886CACC00712232 /* virtual.sh */,
			);
			path = test;
			sourceTree = "<group>";
		};
		2D4D333B1886CACC00712232 /* all */ = {
			isa = PBXGroup;
			children = (
				2D4D333C1886CACC00712232 /* embl.dat */,
				2D4D333D1886CACC00712232 /* genbank.dat */,
				2D4D333E1886CACC00712232 /* nrl_3d.dat */,
				2D4D333F1886CACC00712232 /* prosite.dat */,
			);
			path = all;
			sourceTree = "<group>";
		};
		2D4D33711889694900712232 /* Products */ = {
			isa = PBXGroup;
			children = (
				2D4D33751889694900712232 /* Dummy */,
			);
			name = Products;
			sourceTree = "<group>";
		};
/* End PBXGroup section */

/* Begin PBXLegacyTarget section */
		2D4D32471886C6AB00712232 /* golden-3.0 */ = {
			isa = PBXLegacyTarget;
			buildArgumentsString = "$(ACTION)";
			buildConfigurationList = 2D4D324A1886C6AB00712232 /* Build configuration list for PBXLegacyTarget "golden-3.0" */;
			buildPhases = (
			);
			buildToolPath = /usr/bin/make;
			dependencies = (
			);
			name = "golden-3.0";
			passBuildSettingsInEnvironment = 1;
			productName = "golden-1.1a";
		};
/* End PBXLegacyTarget section */

/* Begin PBXProject section */
		2D4D32431886C6AB00712232 /* Project object */ = {
			isa = PBXProject;
			attributes = {
				LastUpgradeCheck = 0500;
				ORGANIZATIONNAME = vlegrand;
			};
			buildConfigurationList = 2D4D32461886C6AB00712232 /* Build configuration list for PBXProject "golden-3.0" */;
			compatibilityVersion = "Xcode 3.2";
			developmentRegion = English;
			hasScannedForEncodings = 0;
			knownRegions = (
				en,
			);
			mainGroup = 2D4D32421886C6AB00712232;
			projectDirPath = "";
			projectReferences = (
				{
					ProductGroup = 2D4D33711889694900712232 /* Products */;
					ProjectRef = 2D4D33701889694900712232 /* Dummy.xcodeproj */;
				},
			);
			projectRoot = "";
			targets = (
				2D4D32471886C6AB00712232 /* golden-3.0 */,
			);
		};
/* End PBXProject section */

/* Begin PBXReferenceProxy section */
		2D4D33751889694900712232 /* Dummy */ = {
			isa = PBXReferenceProxy;
			fileType = "compiled.mach-o.executable";
			path = Dummy;
			remoteRef = 2D4D33741889694900712232 /* PBXContainerItemProxy */;
			sourceTree = BUILT_PRODUCTS_DIR;
		};
/* End PBXReferenceProxy section */

/* Begin XCBuildConfiguration section */
		2D4D32481886C6AB00712232 /* Debug */ = {
			isa = XCBuildConfiguration;
			buildSettings = {
				ALWAYS_SEARCH_USER_PATHS = NO;
				CFLAGS = "-Qunused-arguments";
				CLANG_CXX_LANGUAGE_STANDARD = "gnu++0x";
				CLANG_CXX_LIBRARY = "libc++";
				CLANG_ENABLE_OBJC_ARC = YES;
				CLANG_WARN_BOOL_CONVERSION = YES;
				CLANG_WARN_CONSTANT_CONVERSION = YES;
				CLANG_WARN_DIRECT_OBJC_ISA_USAGE = YES_ERROR;
				CLANG_WARN_EMPTY_BODY = YES;
				CLANG_WARN_ENUM_CONVERSION = YES;
				CLANG_WARN_INT_CONVERSION = YES;
				CLANG_WARN_OBJC_ROOT_CLASS = YES_ERROR;
				CLANG_WARN__DUPLICATE_METHOD_MATCH = YES;
				COPY_PHASE_STRIP = NO;
				GCC_C_LANGUAGE_STANDARD = gnu99;
				GCC_DYNAMIC_NO_PIC = NO;
				GCC_ENABLE_OBJC_EXCEPTIONS = YES;
				GCC_OPTIMIZATION_LEVEL = 0;
				GCC_PREPROCESSOR_DEFINITIONS = (
					"DEBUG=1",
					"$(inherited)",
				);
				GCC_SYMBOLS_PRIVATE_EXTERN = NO;
				GCC_WARN_64_TO_32_BIT_CONVERSION = YES;
				GCC_WARN_ABOUT_RETURN_TYPE = YES_ERROR;
				GCC_WARN_UNDECLARED_SELECTOR = YES;
				GCC_WARN_UNINITIALIZED_AUTOS = YES;
				GCC_WARN_UNUSED_FUNCTION = YES;
				GCC_WARN_UNUSED_VARIABLE = YES;
				MACOSX_DEPLOYMENT_TARGET = 10.9;
				ONLY_ACTIVE_ARCH = YES;
				SDKROOT = macosx;
			};
			name = Debug;
		};
		2D4D32491886C6AB00712232 /* Release */ = {
			isa = XCBuildConfiguration;
			buildSettings = {
				ALWAYS_SEARCH_USER_PATHS = NO;
				CFLAGS = "-Qunused-arguments";
				CLANG_CXX_LANGUAGE_STANDARD = "gnu++0x";
				CLANG_CXX_LIBRARY = "libc++";
				CLANG_ENABLE_OBJC_ARC = YES;
				CLANG_WARN_BOOL_CONVERSION = YES;
				CLANG_WARN_CONSTANT_CONVERSION = YES;
				CLANG_WARN_DIRECT_OBJC_ISA_USAGE = YES_ERROR;
				CLANG_WARN_EMPTY_BODY = YES;
				CLANG_WARN_ENUM_CONVERSION = YES;
				CLANG_WARN_INT_CONVERSION = YES;
				CLANG_WARN_OBJC_ROOT_CLASS = YES_ERROR;
				CLANG_WARN__DUPLICATE_METHOD_MATCH = YES;
				COPY_PHASE_STRIP = YES;
				DEBUG_INFORMATION_FORMAT = "dwarf-with-dsym";
				ENABLE_NS_ASSERTIONS = NO;
				GCC_C_LANGUAGE_STANDARD = gnu99;
				GCC_ENABLE_OBJC_EXCEPTIONS = YES;
				GCC_WARN_64_TO_32_BIT_CONVERSION = YES;
				GCC_WARN_ABOUT_RETURN_TYPE = YES_ERROR;
				GCC_WARN_UNDECLARED_SELECTOR = YES;
				GCC_WARN_UNINITIALIZED_AUTOS = YES;
				GCC_WARN_UNUSED_FUNCTION = YES;
				GCC_WARN_UNUSED_VARIABLE = YES;
				MACOSX_DEPLOYMENT_TARGET = 10.9;
				SDKROOT = macosx;
			};
			name = Release;
		};
		2D4D324B1886C6AB00712232 /* Debug */ = {
			isa = XCBuildConfiguration;
			buildSettings = {
				CFLAGS = "-Qunused-arguments";
				DEBUGGING_SYMBOLS = YES;
				GCC_GENERATE_DEBUGGING_SYMBOLS = YES;
				GCC_OPTIMIZATION_LEVEL = 0;
				OTHER_CFLAGS = "-Qunused-arguments";
				OTHER_LDFLAGS = "";
				PRODUCT_NAME = "$(TARGET_NAME)";
			};
			name = Debug;
		};
		2D4D324C1886C6AB00712232 /* Release */ = {
			isa = XCBuildConfiguration;
			buildSettings = {
				CFLAGS = "-Qunused-arguments";
				OTHER_CFLAGS = "-Qunused-arguments";
				OTHER_LDFLAGS = "";
				PRODUCT_NAME = "$(TARGET_NAME)";
			};
			name = Release;
		};
/* End XCBuildConfiguration section */

/* Begin XCConfigurationList section */
		2D4D32461886C6AB00712232 /* Build configuration list for PBXProject "golden-3.0" */ = {
			isa = XCConfigurationList;
			buildConfigurations = (
				2D4D32481886C6AB00712232 /* Debug */,
				2D4D32491886C6AB00712232 /* Release */,
			);
			defaultConfigurationIsVisible = 0;
			defaultConfigurationName = Release;
		};
		2D4D324A1886C6AB00712232 /* Build configuration list for PBXLegacyTarget "golden-3.0" */ = {
			isa = XCConfigurationList;
			buildConfigurations = (
				2D4D324B1886C6AB00712232 /* Debug */,
				2D4D324C1886C6AB00712232 /* Release */,
			);
			defaultConfigurationIsVisible = 0;
			defaultConfigurationName = Release;
		};
/* End XCConfigurationList section */
	};
	rootObject = 2D4D32431886C6AB00712232 /* Project object */;
}
