<?xml version="1.0" encoding="UTF-8"?>
<Scheme
   LastUpgradeVersion = "0500"
   version = "1.3">
   <BuildAction
      parallelizeBuildables = "YES"
      buildImplicitDependencies = "YES">
      <BuildActionEntries>
         <BuildActionEntry
            buildForTesting = "YES"
            buildForRunning = "YES"
            buildForProfiling = "YES"
            buildForArchiving = "YES"
            buildForAnalyzing = "YES">
            <BuildableReference
               BuildableIdentifier = "primary"
               BlueprintIdentifier = "2D4D32471886C6AB00712232"
               BuildableName = "golden-1.1a"
               BlueprintName = "golden-3.0"
               ReferencedContainer = "container:golden-3.0.xcodeproj">
            </BuildableReference>
         </BuildActionEntry>
      </BuildActionEntries>
   </BuildAction>
   <TestAction
      selectedDebuggerIdentifier = "Xcode.DebuggerFoundation.Debugger.LLDB"
      selectedLauncherIdentifier = "Xcode.DebuggerFoundation.Launcher.LLDB"
      shouldUseLaunchSchemeArgsEnv = "YES"
      buildConfiguration = "Debug">
      <Testables>
      </Testables>
   </TestAction>
   <LaunchAction
      selectedDebuggerIdentifier = "Xcode.DebuggerFoundation.Debugger.LLDB"
      selectedLauncherIdentifier = "Xcode.DebuggerFoundation.Launcher.LLDB"
      launchStyle = "0"
      useCustomWorkingDirectory = "NO"
      buildConfiguration = "Debug"
      ignoresPersistentStateOnLaunch = "NO"
      debugDocumentVersioning = "YES"
      allowLocationSimulation = "YES">
      <PathRunnable
         FilePath = "/Users/vlegrand/Desktop/golden-1.1a/src/golden">
      </PathRunnable>
      <CommandLineArguments>
         <CommandLineArgument
            argument = "-f /Users/vlegrand/Desktop/golden-1.1a/data/nt_uniprot_only.txt /Users/vlegrand/Desktop/golden-1.1a/data/nt_10_first.txt /Users/vlegrand/Desktop/golden-1.1a/data/misc_all1.txt /Users/vlegrand/Desktop/golden-1.1a/data/nt_10_first.txt /Users/vlegrand/Desktop/golden-1.1a/data/nt_uniprot_only.txt"
            isEnabled = "NO">
         </CommandLineArgument>
         <CommandLineArgument
            argument = "genbank:M37253 genbank:M37254"
            isEnabled = "YES">
         </CommandLineArgument>
         <CommandLineArgument
            argument = "embl:X52703 embl:X17276"
            isEnabled = "NO">
         </CommandLineArgument>
         <CommandLineArgument
            argument = "prosite:ADENYLOSUCCIN_SYN_2 prosite:ACTINS_ACT_LIKE"
            isEnabled = "NO">
         </CommandLineArgument>
         <CommandLineArgument
            argument = "genbank:JX841180 uniprot:028R_FRG3G embl:X55027 refseq:XM_004227550 uniprot:toto refseq:XM_004227550"
            isEnabled = "NO">
         </CommandLineArgument>
      </CommandLineArguments>
      <EnvironmentVariables>
         <EnvironmentVariable
            key = "GOLDENDATA"
            value = "/users/vlegrand/Desktop/GOLDENDATA/prod/index/golden"
            isEnabled = "YES">
         </EnvironmentVariable>
      </EnvironmentVariables>
      <AdditionalOptions>
         <AdditionalOption
            key = "MallocStackLogging"
            value = ""
            isEnabled = "YES">
         </AdditionalOption>
         <AdditionalOption
            key = "DYLD_INSERT_LIBRARIES"
            value = "/usr/lib/libgmalloc.dylib"
            isEnabled = "YES">
         </AdditionalOption>
         <AdditionalOption
            key = "MallocGuardEdges"
            value = ""
            isEnabled = "YES">
         </AdditionalOption>
         <AdditionalOption
            key = "MallocScribble"
            value = ""
            isEnabled = "YES">
         </AdditionalOption>
      </AdditionalOptions>
   </LaunchAction>
   <ProfileAction
      shouldUseLaunchSchemeArgsEnv = "YES"
      savedToolIdentifier = "/Applications/Xcode.app/Contents/Applications/Instruments.app/Contents/Resources/templates/Time Profiler.tracetemplate"
      useCustomWorkingDirectory = "NO"
      buildConfiguration = "Release"
      debugDocumentVersioning = "YES">
      <PathRunnable
         FilePath = "/Users/vlegrand/Desktop/golden-1.1a/src/golden">
      </PathRunnable>
   </ProfileAction>
   <AnalyzeAction
      buildConfiguration = "Debug">
   </AnalyzeAction>
   <ArchiveAction
      buildConfiguration = "Release"
      revealArchiveInOrganizer = "YES">
   </ArchiveAction>
</Scheme>
